
Microsoft Visual Studio Solution File, Format Version 12.00
# Visual Studio 2013
VisualStudioVersion = 12.0.21005.1
MinimumVisualStudioVersion = 10.0.40219.1
Project("{FAE04EC0-301F-11D3-BF4B-00C04F79EFBC}") = "SimpleSocket", "SimpleSocket\SimpleSocket.csproj", "{19482BB4-BD0C-474E-943D-A2BE9EC95528}"
EndProject
Project("{FAE04EC0-301F-11D3-BF4B-00C04F79EFBC}") = "TestServer", "TestServer\TestServer.csproj", "{BE973DAB-282A-4A47-8A3E-5C1E283ACA50}"
EndProject
Project("{FAE04EC0-301F-11D3-BF4B-00C04F79EFBC}") = "TestClient", "TestClient\TestClient.csproj", "{F552D25D-DEAD-4EDF-8CE7-C3E14C7AA531}"
EndProject
Global
	GlobalSection(SolutionConfigurationPlatforms) = preSolution
		Debug|Any CPU = Debug|Any CPU
		Release|Any CPU = Release|Any CPU
	EndGlobalSection
	GlobalSection(ProjectConfigurationPlatforms) = postSolution
		{19482BB4-BD0C-474E-943D-A2BE9EC95528}.Debug|Any CPU.ActiveCfg = Debug|Any CPU
		{19482BB4-BD0C-474E-943D-A2BE9EC95528}.Debug|Any CPU.Build.0 = Debug|Any CPU
		{19482BB4-BD0C-474E-943D-A2BE9EC95528}.Release|Any CPU.ActiveCfg = Release|Any CPU
		{19482BB4-BD0C-474E-943D-A2BE9EC95528}.Release|Any CPU.Build.0 = Release|Any CPU
		{BE973DAB-282A-4A47-8A3E-5C1E283ACA50}.Debug|Any CPU.ActiveCfg = Debug|Any CPU
		{BE973DAB-282A-4A47-8A3E-5C1E283ACA50}.Debug|Any CPU.Build.0 = Debug|Any CPU
		{BE973DAB-282A-4A47-8A3E-5C1E283ACA50}.Release|Any CPU.ActiveCfg = Release|Any CPU
		{BE973DAB-282A-4A47-8A3E-5C1E283ACA50}.Release|Any CPU.Build.0 = Release|Any CPU
		{F552D25D-DEAD-4EDF-8CE7-C3E14C7AA531}.Debug|Any CPU.ActiveCfg = Debug|Any CPU
		{F552D25D-DEAD-4EDF-8CE7-C3E14C7AA531}.Debug|Any CPU.Build.0 = Debug|Any CPU
		{F552D25D-DEAD-4EDF-8CE7-C3E14C7AA531}.Release|Any CPU.ActiveCfg = Release|Any CPU
		{F552D25D-DEAD-4EDF-8CE7-C3E14C7AA531}.Release|Any CPU.Build.0 = Release|Any CPU
	EndGlobalSection
	GlobalSection(SolutionProperties) = preSolution
		HideSolutionNode = FALSE
	EndGlobalSection
EndGlobal
